// !$*UTF8*$!
{
	archiveVersion = 1;
	classes = {
	};
	objectVersion = 46;
	objects = {

/* Begin PBXBuildFile section */
		0361568535B59F9BB77BD786 /* CloudSyncTests.swift in Sources */ = {isa = PBXBuildFile; fileRef = 4C3F609149B07A443AAB8777 /* CloudSyncTests.swift */; };
		0366A456C4DC00F1A43FC1BE /* AssistantSourcesTests.swift in Sources */ = {isa = PBXBuildFile; fileRef = 1482E26FF7CE5E241025B91F /* AssistantSourcesTests.swift */; };
		040A630C2C8A5300F8964E1F /* AssistantStates.swift in Sources */ = {isa = PBXBuildFile; fileRef = A82E5AC29A3488E7E9E0551F /* AssistantStates.swift */; };
		0AAA0A8E331C8701E10BDAE9 /* IncomingLink.swift in Sources */ = {isa = PBXBuildFile; fileRef = ECED644C3DED572BE83AC096 /* IncomingLink.swift */; };
		0EB49EE5959245CF8505653D /* AppModel+CloudSync.swift in Sources */ = {isa = PBXBuildFile; fileRef = C06FBBA6C784809B0D20AF40 /* AppModel+CloudSync.swift */; };
		11FD0778D2B7B2CF61B0C9B0 /* ContentBlocker.swift in Sources */ = {isa = PBXBuildFile; fileRef = F8069C7207FF49F22CD68A0A /* ContentBlocker.swift */; };
		1AF031FD4BF90286153D9DBC /* AppModel+Onboarding.swift in Sources */ = {isa = PBXBuildFile; fileRef = 8DA27A01C767C647D22E59A6 /* AppModel+Onboarding.swift */; };
		2778C38EAC4A61108C499F53 /* DesignSystem.swift in Sources */ = {isa = PBXBuildFile; fileRef = BCF6260F9C2439C16EC4AD62 /* DesignSystem.swift */; };
		2A9D83123121DACED7D8AFAC /* Onboarding.swift in Sources */ = {isa = PBXBuildFile; fileRef = B2C8B928828921AA0FBC8F86 /* Onboarding.swift */; };
		2E2D6824366416193531BEB0 /* ForumsHomeUITests.swift in Sources */ = {isa = PBXBuildFile; fileRef = 5A5E117DC308B4B42A8249E0 /* ForumsHomeUITests.swift */; };
		30C993BB8326A3D6CC8C16CA /* UITestSupport.swift in Sources */ = {isa = PBXBuildFile; fileRef = EEB3B64D1D2BBD1E9CB73C5B /* UITestSupport.swift */; };
		311A33BED738AE49D45FC311 /* ContentBlocking in Resources */ = {isa = PBXBuildFile; fileRef = 2310D6B2F723570F85E70F9A /* ContentBlocking */; };
		34B6BFB9B11C6522FE48A3F6 /* ForumindShare.appex in Embed Foundation Extensions */ = {isa = PBXBuildFile; fileRef = 816D0DA58330BBE0DADA6A8C /* ForumindShare.appex */; settings = {ATTRIBUTES = (RemoveHeadersOnCopy, ); }; };
		3646A1E0E45098BF3EE3AF4B /* ContentBlockerTests.swift in Sources */ = {isa = PBXBuildFile; fileRef = BD5E414F0B21322970778E0B /* ContentBlockerTests.swift */; };
		3A8685456B405C46F1CDBD98 /* Foundation.framework in Frameworks */ = {isa = PBXBuildFile; fileRef = FD919A75BC4BB3AAFE4BEAE7 /* Foundation.framework */; };
		418268AA9B5F9B6EBC630E82 /* PromptBuilder.swift in Sources */ = {isa = PBXBuildFile; fileRef = 4EDF8F9CBD5268847401598B /* PromptBuilder.swift */; };
		42E59692AC0A82840ABF21C8 /* WorkspaceLayout.swift in Sources */ = {isa = PBXBuildFile; fileRef = 6FC9CEDCEA6E197A25B241B2 /* WorkspaceLayout.swift */; };
		43C17EDE40C50BDEEC95304B /* MarkdownView.swift in Sources */ = {isa = PBXBuildFile; fileRef = 2CDB2A241ED7488338AB485A /* MarkdownView.swift */; };
		44024B102865DBFCE9096110 /* SyncRecords.swift in Sources */ = {isa = PBXBuildFile; fileRef = 317166CC4F5458E62FB38838 /* SyncRecords.swift */; };
		48E58ABCE7E2D0C4E433B6B2 /* AgentPanel.swift in Sources */ = {isa = PBXBuildFile; fileRef = 3CEA1BA552B8A80CAC03B1F2 /* AgentPanel.swift */; };
		49E4883E329EF7AC782802FC /* PageContext.swift in Sources */ = {isa = PBXBuildFile; fileRef = DC8B43EA6B27AD8BA80F9562 /* PageContext.swift */; };
		536FDAD485283E622D32CA92 /* CloudSyncFakes.swift in Sources */ = {isa = PBXBuildFile; fileRef = 3FEEA67BCE3AEFD0A1E6FEB9 /* CloudSyncFakes.swift */; };
		5F2A1317A86A5053AAE267F9 /* MultiForumTests.swift in Sources */ = {isa = PBXBuildFile; fileRef = E714BBD8C79226ABF83EDCE9 /* MultiForumTests.swift */; };
		600F81743B4B6A409732937E /* PrivacyInfo.xcprivacy in Resources */ = {isa = PBXBuildFile; fileRef = 6F09C069B3C90E78C0EDB002 /* PrivacyInfo.xcprivacy */; };
		618BA4D1DD7C74458AEAB9AE /* ForumService.swift in Sources */ = {isa = PBXBuildFile; fileRef = 1424A4FD0279FF9651FBCDF3 /* ForumService.swift */; };
		62326324EB595B145303F685 /* ActivityPanel.swift in Sources */ = {isa = PBXBuildFile; fileRef = 03461B1460C45BD8C783EED9 /* ActivityPanel.swift */; };
		632818732CA4A91B30D52E10 /* CloudKitTransport.swift in Sources */ = {isa = PBXBuildFile; fileRef = AAFFED72EFEB4092DA587DD4 /* CloudKitTransport.swift */; };
		68B149A1DDBCA6F400DFEFDD /* SettingsAssistantPages.swift in Sources */ = {isa = PBXBuildFile; fileRef = D42665E9A8AA00F8DCFFC429 /* SettingsAssistantPages.swift */; };
		6D952001D8CC2571C3341E89 /* CloudSyncTransport.swift in Sources */ = {isa = PBXBuildFile; fileRef = 2585AEF7612EFD2335208E21 /* CloudSyncTransport.swift */; };
		6E557EC512B822FC57D6156A /* PhysicalDeviceSmokeTests.swift in Sources */ = {isa = PBXBuildFile; fileRef = 5FC9F3E6138A8627BD1B980D /* PhysicalDeviceSmokeTests.swift */; };
		71E8BC4E1ABD13D601AF38E1 /* StateTransitionTests.swift in Sources */ = {isa = PBXBuildFile; fileRef = B1846CA7C6D71A580AFB0173 /* StateTransitionTests.swift */; };
		72E078BCCCA89FE8C5F3752B /* CloudSyncController.swift in Sources */ = {isa = PBXBuildFile; fileRef = 6E6834C8C83265706EF811BB /* CloudSyncController.swift */; };
		794DE0425D0764E825D0ED63 /* OnboardingTests.swift in Sources */ = {isa = PBXBuildFile; fileRef = 57A3D479054674859F6B0DBE /* OnboardingTests.swift */; };
		7AC18CDE8A5549BABA89F48C /* OnboardingSteps.swift in Sources */ = {isa = PBXBuildFile; fileRef = 04D881468401FF0FFF8303B5 /* OnboardingSteps.swift */; };
		7AC2FB309ED1CE3AB3DF437A /* ShareHandoffUITests.swift in Sources */ = {isa = PBXBuildFile; fileRef = 621837C537068B9D3F840B95 /* ShareHandoffUITests.swift */; };
		7B4E2999677A24D5E9108FE9 /* AppIdentity.swift in Sources */ = {isa = PBXBuildFile; fileRef = 61816D2C3CD969380D0692C0 /* AppIdentity.swift */; };
		7C3E50454EC72EB66B624E16 /* AppleIntelligenceClient.swift in Sources */ = {isa = PBXBuildFile; fileRef = 7F2860469D7563A3DE47B800 /* AppleIntelligenceClient.swift */; };
		7CA70FCB50791C1585464EEE /* ForumDirectory.swift in Sources */ = {isa = PBXBuildFile; fileRef = ED900885E83F8991A20FAA32 /* ForumDirectory.swift */; };
		80697597D12ABB38ECB82467 /* PrivacyInfo.xcprivacy in Resources */ = {isa = PBXBuildFile; fileRef = 72A998C36CA424E5C667C738 /* PrivacyInfo.xcprivacy */; };
		8547BEE685E6FAA6596E23B5 /* SettingsProviderPage.swift in Sources */ = {isa = PBXBuildFile; fileRef = E49061E7D03265186FBF1003 /* SettingsProviderPage.swift */; };
		89890470659639EED7ED0038 /* AppModel.swift in Sources */ = {isa = PBXBuildFile; fileRef = D66484EE8232458169AE5531 /* AppModel.swift */; };
		8D0248D35E6189075C660A88 /* CloudSyncEngine.swift in Sources */ = {isa = PBXBuildFile; fileRef = 27342E38DF4F533674BE9B8A /* CloudSyncEngine.swift */; };
		8E7BAFB1C1F8BCEF922E70B3 /* ContentBlockingRulesTests.swift in Sources */ = {isa = PBXBuildFile; fileRef = 623B45CC239BE46E20AE802A /* ContentBlockingRulesTests.swift */; };
		908A9ABF835B8753C8CFA365 /* AppModel+Browse.swift in Sources */ = {isa = PBXBuildFile; fileRef = 5667B1CDE06BFCCE066460DB /* AppModel+Browse.swift */; };
		9964C41946B641F78507A592 /* KeychainSyncTests.swift in Sources */ = {isa = PBXBuildFile; fileRef = 7854BEC110B799540C02041D /* KeychainSyncTests.swift */; };
		9A8294F13C73ECE1C9B82036 /* CoreTests.swift in Sources */ = {isa = PBXBuildFile; fileRef = 3F245971FD9F077B556D2518 /* CoreTests.swift */; };
		9D9EE46ED930488225B0C70C /* DiscourseProbe.js in Resources */ = {isa = PBXBuildFile; fileRef = B3061F66D035AB74AC950A66 /* DiscourseProbe.js */; };
		A12DC00290FD971A19968AC7 /* SettingsSyncPage.swift in Sources */ = {isa = PBXBuildFile; fileRef = 3343A74DB938BD3AA76AE23A /* SettingsSyncPage.swift */; };
		A25F5C1F5CCF484A2A2365F5 /* AIService.swift in Sources */ = {isa = PBXBuildFile; fileRef = A4AC54AE2EB9F21348C866E9 /* AIService.swift */; };
		A2BF1985B1EAE3E4DDCA5DB7 /* Assets.xcassets in Resources */ = {isa = PBXBuildFile; fileRef = 04FCAE797E5CF8240A5F59A3 /* Assets.xcassets */; };
		A3C4E62BFF4C43340EC21B96 /* IPadLayoutTests.swift in Sources */ = {isa = PBXBuildFile; fileRef = 518133A3F1535E19FA0843F0 /* IPadLayoutTests.swift */; };
		A3D70A256883076005FBF86B /* AppleIntelligenceViews.swift in Sources */ = {isa = PBXBuildFile; fileRef = 3A8C1FB6597E2573FA3C296F /* AppleIntelligenceViews.swift */; };
		A4D6F644F28E96278A637732 /* WatchSupport.swift in Sources */ = {isa = PBXBuildFile; fileRef = 2ED1532051A5C2E9693F1129 /* WatchSupport.swift */; };
		A61818B6B88494E7BF93614E /* IncomingLinkTests.swift in Sources */ = {isa = PBXBuildFile; fileRef = 51F4B298786893884EBCACB5 /* IncomingLinkTests.swift */; };
		A78AD0C8831126FCE314A2E8 /* KeychainSyncProbe.swift in Sources */ = {isa = PBXBuildFile; fileRef = 68ACF2A6BF7A2FD099E98056 /* KeychainSyncProbe.swift */; };
		AED0FEB186A3C34E6EFB0846 /* AppModel+ContentBlocking.swift in Sources */ = {isa = PBXBuildFile; fileRef = B202F80435A67FEC7E1F692C /* AppModel+ContentBlocking.swift */; };
		AED292EEF9B9C94198798523 /* IncomingLink.swift in Sources */ = {isa = PBXBuildFile; fileRef = ECED644C3DED572BE83AC096 /* IncomingLink.swift */; };
		B33EC96FEFC9D6053674AF43 /* OnboardingUITests.swift in Sources */ = {isa = PBXBuildFile; fileRef = C3505B5160A7AE2A7B9F9D7B /* OnboardingUITests.swift */; };
		B7190CBC744C711F47769BB1 /* ForumindApp.swift in Sources */ = {isa = PBXBuildFile; fileRef = A6A110CD3641CCE407E4F2F8 /* ForumindApp.swift */; };
		B9A1FA648C88911146C7E9FA /* Models.swift in Sources */ = {isa = PBXBuildFile; fileRef = 30ACB37F3AA693D8D68D9941 /* Models.swift */; };
		BB216BA66C304F83EB51061E /* SettingsForumsPage.swift in Sources */ = {isa = PBXBuildFile; fileRef = A710835105ABC00FEAAF41F9 /* SettingsForumsPage.swift */; };
		BDA0AC11DCD2297441ABFE8F /* IPadLayoutUITests.swift in Sources */ = {isa = PBXBuildFile; fileRef = D4A0326AD8BC4068FFB00A88 /* IPadLayoutUITests.swift */; };
		C39C7D47A8CBEC42453BAA92 /* SettingsNavigationUITests.swift in Sources */ = {isa = PBXBuildFile; fileRef = A5798A67FA29699463BDA73B /* SettingsNavigationUITests.swift */; };
		C60F69F1F4F225F8604308C4 /* AppModel+Assistant.swift in Sources */ = {isa = PBXBuildFile; fileRef = 2D83531A51913553C1BC5A7E /* AppModel+Assistant.swift */; };
		CB3C581D7006532FA1761E86 /* SettingsProviderForm.swift in Sources */ = {isa = PBXBuildFile; fileRef = 980A0B8F3BF0C015C4D9C781 /* SettingsProviderForm.swift */; };
		CC94F8A9D1DDB5DEE27EED9F /* Foundation.framework in Frameworks */ = {isa = PBXBuildFile; fileRef = FD919A75BC4BB3AAFE4BEAE7 /* Foundation.framework */; };
		CCE1FD45A698DD6C5A379E11 /* Foundation.framework in Frameworks */ = {isa = PBXBuildFile; fileRef = FD919A75BC4BB3AAFE4BEAE7 /* Foundation.framework */; };
		CDC928400D878C4512DA369E /* ForumBrowser.swift in Sources */ = {isa = PBXBuildFile; fileRef = 4365359AD2BE7957E276EBE8 /* ForumBrowser.swift */; };
		CE27CB7D6743DD2531004B60 /* SummaryPanel.swift in Sources */ = {isa = PBXBuildFile; fileRef = 2423C154168EC1D9F98A32D0 /* SummaryPanel.swift */; };
		CED4053CD54710FA78EBBD64 /* SharedPage.swift in Sources */ = {isa = PBXBuildFile; fileRef = 95473519A7D8CE0F8E4C8127 /* SharedPage.swift */; };
		D464EBC48E0789D0AF32F881 /* ContentView.swift in Sources */ = {isa = PBXBuildFile; fileRef = B1514B3EA2FD0011034340C0 /* ContentView.swift */; };
		D9053836B3922088589F5FD3 /* Foundation.framework in Frameworks */ = {isa = PBXBuildFile; fileRef = FD919A75BC4BB3AAFE4BEAE7 /* Foundation.framework */; };
		D913D92BFEB0C4AF4F73E65E /* ForumsHome.swift in Sources */ = {isa = PBXBuildFile; fileRef = 03934E82483FD468777DAD66 /* ForumsHome.swift */; };
		DA424AE91D50A42F7BE43710 /* Persistence.swift in Sources */ = {isa = PBXBuildFile; fileRef = 9CA7C9F17297F2F09EB41121 /* Persistence.swift */; };
		DAA06E1A2F388F054DA7043F /* ForumSite.swift in Sources */ = {isa = PBXBuildFile; fileRef = 782907EA442E9AB1719FFA0D /* ForumSite.swift */; };
		DC7CDFBC8BA0A0918E74E405 /* SettingsDataHelpPages.swift in Sources */ = {isa = PBXBuildFile; fileRef = BF4FE5DC0C26E76B5390669A /* SettingsDataHelpPages.swift */; };
		E5B8C599BC4E160497906698 /* AppModel+StateDebug.swift in Sources */ = {isa = PBXBuildFile; fileRef = 939E973B29345D6EB4DE7975 /* AppModel+StateDebug.swift */; };
		E6D474667089271750D787B9 /* AppleIntelligenceService.swift in Sources */ = {isa = PBXBuildFile; fileRef = B3C785EEF6000ACC7919F873 /* AppleIntelligenceService.swift */; };
		E7D07CFE2697EDAA1C6B73A0 /* AppIdentity.swift in Sources */ = {isa = PBXBuildFile; fileRef = 61816D2C3CD969380D0692C0 /* AppIdentity.swift */; };
		E8BDD41A0F81BF99C8325B15 /* ShareSheetView.swift in Sources */ = {isa = PBXBuildFile; fileRef = 329B42F1F1D55524E7BE1654 /* ShareSheetView.swift */; };
		E9B5905AE98EFA2457E0516B /* ForumComponents.swift in Sources */ = {isa = PBXBuildFile; fileRef = 0B9A014EE301AD746ABAE344 /* ForumComponents.swift */; };
		EC75BEB3AE1E80A6BB532FBC /* AppleIntelligence.swift in Sources */ = {isa = PBXBuildFile; fileRef = CA8FA03A9B71D745417139B6 /* AppleIntelligence.swift */; };
		EF7EC4C92735A7CDF8FFCA2E /* ShareViewController.swift in Sources */ = {isa = PBXBuildFile; fileRef = 5535A78710B8DB1D55F71BCF /* ShareViewController.swift */; };
		F21890160CCE9AF1DEDFF1EB /* SettingsPanel.swift in Sources */ = {isa = PBXBuildFile; fileRef = AB7388B2F15197D324834DE3 /* SettingsPanel.swift */; };
		F29549EF73F8DF8BBB760482 /* AppIcon.png in Resources */ = {isa = PBXBuildFile; fileRef = 21C9850EA4685A57C3367148 /* AppIcon.png */; };
		FD4E45AA5DAE139AB6A01209 /* AgentEngine.swift in Sources */ = {isa = PBXBuildFile; fileRef = 9CEE12642C4C8A3E7ECBFB0F /* AgentEngine.swift */; };
		FD843E22727A4DB616AB71BE /* AppIdentityTests.swift in Sources */ = {isa = PBXBuildFile; fileRef = 6297545F053312D90C5F7177 /* AppIdentityTests.swift */; };
		FD9CCF5D976920202A2D3979 /* AppleIntelligenceTests.swift in Sources */ = {isa = PBXBuildFile; fileRef = 1B7007F17B099D8E90DC61AB /* AppleIntelligenceTests.swift */; };
/* End PBXBuildFile section */

/* Begin PBXContainerItemProxy section */
		6AEFE645F512673EAB1C9996 /* PBXContainerItemProxy */ = {
			isa = PBXContainerItemProxy;
			containerPortal = 887DBB3A5D35B08BB4797039 /* Project object */;
			proxyType = 1;
			remoteGlobalIDString = FD0336085BBFF1CBCC2F7CD4;
			remoteInfo = Forumind;
		};
		90F3926D8BC0FCCE42DA1E38 /* PBXContainerItemProxy */ = {
			isa = PBXContainerItemProxy;
			containerPortal = 887DBB3A5D35B08BB4797039 /* Project object */;
			proxyType = 1;
			remoteGlobalIDString = FD0336085BBFF1CBCC2F7CD4;
			remoteInfo = Forumind;
		};
		E79B6750175E21E5BF902DD0 /* PBXContainerItemProxy */ = {
			isa = PBXContainerItemProxy;
			containerPortal = 887DBB3A5D35B08BB4797039 /* Project object */;
			proxyType = 1;
			remoteGlobalIDString = 52089BC06320A083EB2644E1;
			remoteInfo = ForumindShare;
		};
/* End PBXContainerItemProxy section */

/* Begin PBXCopyFilesBuildPhase section */
		F2C66C4F50B2897807447210 /* Embed Foundation Extensions */ = {
			isa = PBXCopyFilesBuildPhase;
			buildActionMask = 2147483647;
			dstPath = "";
			dstSubfolderSpec = 13;
			files = (
				34B6BFB9B11C6522FE48A3F6 /* ForumindShare.appex in Embed Foundation Extensions */,
			);
			name = "Embed Foundation Extensions";
			runOnlyForDeploymentPostprocessing = 0;
		};
/* End PBXCopyFilesBuildPhase section */

/* Begin PBXFileReference section */
		03461B1460C45BD8C783EED9 /* ActivityPanel.swift */ = {isa = PBXFileReference; includeInIndex = 1; lastKnownFileType = sourcecode.swift; path = ActivityPanel.swift; sourceTree = "<group>"; };
		03934E82483FD468777DAD66 /* ForumsHome.swift */ = {isa = PBXFileReference; includeInIndex = 1; lastKnownFileType = sourcecode.swift; path = ForumsHome.swift; sourceTree = "<group>"; };
		04D881468401FF0FFF8303B5 /* OnboardingSteps.swift */ = {isa = PBXFileReference; includeInIndex = 1; lastKnownFileType = sourcecode.swift; path = OnboardingSteps.swift; sourceTree = "<group>"; };
		04FCAE797E5CF8240A5F59A3 /* Assets.xcassets */ = {isa = PBXFileReference; includeInIndex = 1; lastKnownFileType = folder.assetcatalog; path = Assets.xcassets; sourceTree = "<group>"; };
		0B9A014EE301AD746ABAE344 /* ForumComponents.swift */ = {isa = PBXFileReference; includeInIndex = 1; lastKnownFileType = sourcecode.swift; path = ForumComponents.swift; sourceTree = "<group>"; };
		0FB0BD1F6037E0A4160085CE /* Info.plist */ = {isa = PBXFileReference; includeInIndex = 1; lastKnownFileType = text.plist.xml; path = Info.plist; sourceTree = "<group>"; };
		1424A4FD0279FF9651FBCDF3 /* ForumService.swift */ = {isa = PBXFileReference; includeInIndex = 1; lastKnownFileType = sourcecode.swift; path = ForumService.swift; sourceTree = "<group>"; };
		1482E26FF7CE5E241025B91F /* AssistantSourcesTests.swift */ = {isa = PBXFileReference; includeInIndex = 1; lastKnownFileType = sourcecode.swift; path = AssistantSourcesTests.swift; sourceTree = "<group>"; };
		1B7007F17B099D8E90DC61AB /* AppleIntelligenceTests.swift */ = {isa = PBXFileReference; includeInIndex = 1; lastKnownFileType = sourcecode.swift; path = AppleIntelligenceTests.swift; sourceTree = "<group>"; };
		21C9850EA4685A57C3367148 /* AppIcon.png */ = {isa = PBXFileReference; includeInIndex = 1; lastKnownFileType = image.png; name = AppIcon.png; path = Assets.xcassets/AppIcon.appiconset/AppIcon.png; sourceTree = "<group>"; };
		2310D6B2F723570F85E70F9A /* ContentBlocking */ = {isa = PBXFileReference; includeInIndex = 1; lastKnownFileType = folder; path = ContentBlocking; sourceTree = "<group>"; };
		2423C154168EC1D9F98A32D0 /* SummaryPanel.swift */ = {isa = PBXFileReference; includeInIndex = 1; lastKnownFileType = sourcecode.swift; path = SummaryPanel.swift; sourceTree = "<group>"; };
		2585AEF7612EFD2335208E21 /* CloudSyncTransport.swift */ = {isa = PBXFileReference; includeInIndex = 1; lastKnownFileType = sourcecode.swift; path = CloudSyncTransport.swift; sourceTree = "<group>"; };
		27342E38DF4F533674BE9B8A /* CloudSyncEngine.swift */ = {isa = PBXFileReference; includeInIndex = 1; lastKnownFileType = sourcecode.swift; path = CloudSyncEngine.swift; sourceTree = "<group>"; };
		2C94702046CBBFEB26D30C99 /* Forumind.entitlements */ = {isa = PBXFileReference; includeInIndex = 1; lastKnownFileType = text.plist.entitlements; path = Forumind.entitlements; sourceTree = "<group>"; };
		2CDB2A241ED7488338AB485A /* MarkdownView.swift */ = {isa = PBXFileReference; includeInIndex = 1; lastKnownFileType = sourcecode.swift; path = MarkdownView.swift; sourceTree = "<group>"; };
		2D83531A51913553C1BC5A7E /* AppModel+Assistant.swift */ = {isa = PBXFileReference; includeInIndex = 1; lastKnownFileType = sourcecode.swift; path = "AppModel+Assistant.swift"; sourceTree = "<group>"; };
		2DD9CC908E5B3B0D7CC58A87 /* ForumindUITests.xctest */ = {isa = PBXFileReference; explicitFileType = wrapper.cfbundle; includeInIndex = 0; path = ForumindUITests.xctest; sourceTree = BUILT_PRODUCTS_DIR; };
		2ED1532051A5C2E9693F1129 /* WatchSupport.swift */ = {isa = PBXFileReference; includeInIndex = 1; lastKnownFileType = sourcecode.swift; path = WatchSupport.swift; sourceTree = "<group>"; };
		30ACB37F3AA693D8D68D9941 /* Models.swift */ = {isa = PBXFileReference; includeInIndex = 1; lastKnownFileType = sourcecode.swift; path = Models.swift; sourceTree = "<group>"; };
		317166CC4F5458E62FB38838 /* SyncRecords.swift */ = {isa = PBXFileReference; includeInIndex = 1; lastKnownFileType = sourcecode.swift; path = SyncRecords.swift; sourceTree = "<group>"; };
		329B42F1F1D55524E7BE1654 /* ShareSheetView.swift */ = {isa = PBXFileReference; includeInIndex = 1; lastKnownFileType = sourcecode.swift; path = ShareSheetView.swift; sourceTree = "<group>"; };
		3343A74DB938BD3AA76AE23A /* SettingsSyncPage.swift */ = {isa = PBXFileReference; includeInIndex = 1; lastKnownFileType = sourcecode.swift; path = SettingsSyncPage.swift; sourceTree = "<group>"; };
		3A8C1FB6597E2573FA3C296F /* AppleIntelligenceViews.swift */ = {isa = PBXFileReference; includeInIndex = 1; lastKnownFileType = sourcecode.swift; path = AppleIntelligenceViews.swift; sourceTree = "<group>"; };
		3CEA1BA552B8A80CAC03B1F2 /* AgentPanel.swift */ = {isa = PBXFileReference; includeInIndex = 1; lastKnownFileType = sourcecode.swift; path = AgentPanel.swift; sourceTree = "<group>"; };
		3F245971FD9F077B556D2518 /* CoreTests.swift */ = {isa = PBXFileReference; includeInIndex = 1; lastKnownFileType = sourcecode.swift; path = CoreTests.swift; sourceTree = "<group>"; };
		3FEEA67BCE3AEFD0A1E6FEB9 /* CloudSyncFakes.swift */ = {isa = PBXFileReference; includeInIndex = 1; lastKnownFileType = sourcecode.swift; path = CloudSyncFakes.swift; sourceTree = "<group>"; };
		4365359AD2BE7957E276EBE8 /* ForumBrowser.swift */ = {isa = PBXFileReference; includeInIndex = 1; lastKnownFileType = sourcecode.swift; path = ForumBrowser.swift; sourceTree = "<group>"; };
		4C3F609149B07A443AAB8777 /* CloudSyncTests.swift */ = {isa = PBXFileReference; includeInIndex = 1; lastKnownFileType = sourcecode.swift; path = CloudSyncTests.swift; sourceTree = "<group>"; };
		4EDF8F9CBD5268847401598B /* PromptBuilder.swift */ = {isa = PBXFileReference; includeInIndex = 1; lastKnownFileType = sourcecode.swift; path = PromptBuilder.swift; sourceTree = "<group>"; };
		518133A3F1535E19FA0843F0 /* IPadLayoutTests.swift */ = {isa = PBXFileReference; includeInIndex = 1; lastKnownFileType = sourcecode.swift; path = IPadLayoutTests.swift; sourceTree = "<group>"; };
		51F4B298786893884EBCACB5 /* IncomingLinkTests.swift */ = {isa = PBXFileReference; includeInIndex = 1; lastKnownFileType = sourcecode.swift; path = IncomingLinkTests.swift; sourceTree = "<group>"; };
		5535A78710B8DB1D55F71BCF /* ShareViewController.swift */ = {isa = PBXFileReference; includeInIndex = 1; lastKnownFileType = sourcecode.swift; path = ShareViewController.swift; sourceTree = "<group>"; };
		5667B1CDE06BFCCE066460DB /* AppModel+Browse.swift */ = {isa = PBXFileReference; includeInIndex = 1; lastKnownFileType = sourcecode.swift; path = "AppModel+Browse.swift"; sourceTree = "<group>"; };
		57A3D479054674859F6B0DBE /* OnboardingTests.swift */ = {isa = PBXFileReference; includeInIndex = 1; lastKnownFileType = sourcecode.swift; path = OnboardingTests.swift; sourceTree = "<group>"; };
		5A5E117DC308B4B42A8249E0 /* ForumsHomeUITests.swift */ = {isa = PBXFileReference; includeInIndex = 1; lastKnownFileType = sourcecode.swift; path = ForumsHomeUITests.swift; sourceTree = "<group>"; };
		5FC9F3E6138A8627BD1B980D /* PhysicalDeviceSmokeTests.swift */ = {isa = PBXFileReference; includeInIndex = 1; lastKnownFileType = sourcecode.swift; path = PhysicalDeviceSmokeTests.swift; sourceTree = "<group>"; };
		61816D2C3CD969380D0692C0 /* AppIdentity.swift */ = {isa = PBXFileReference; includeInIndex = 1; lastKnownFileType = sourcecode.swift; path = AppIdentity.swift; sourceTree = "<group>"; };
		621837C537068B9D3F840B95 /* ShareHandoffUITests.swift */ = {isa = PBXFileReference; includeInIndex = 1; lastKnownFileType = sourcecode.swift; path = ShareHandoffUITests.swift; sourceTree = "<group>"; };
		623B45CC239BE46E20AE802A /* ContentBlockingRulesTests.swift */ = {isa = PBXFileReference; includeInIndex = 1; lastKnownFileType = sourcecode.swift; path = ContentBlockingRulesTests.swift; sourceTree = "<group>"; };
		6297545F053312D90C5F7177 /* AppIdentityTests.swift */ = {isa = PBXFileReference; includeInIndex = 1; lastKnownFileType = sourcecode.swift; path = AppIdentityTests.swift; sourceTree = "<group>"; };
		68ACF2A6BF7A2FD099E98056 /* KeychainSyncProbe.swift */ = {isa = PBXFileReference; includeInIndex = 1; lastKnownFileType = sourcecode.swift; path = KeychainSyncProbe.swift; sourceTree = "<group>"; };
		6E6834C8C83265706EF811BB /* CloudSyncController.swift */ = {isa = PBXFileReference; includeInIndex = 1; lastKnownFileType = sourcecode.swift; path = CloudSyncController.swift; sourceTree = "<group>"; };
		6F09C069B3C90E78C0EDB002 /* PrivacyInfo.xcprivacy */ = {isa = PBXFileReference; includeInIndex = 1; lastKnownFileType = text.xml; path = PrivacyInfo.xcprivacy; sourceTree = "<group>"; };
		6FC9CEDCEA6E197A25B241B2 /* WorkspaceLayout.swift */ = {isa = PBXFileReference; includeInIndex = 1; lastKnownFileType = sourcecode.swift; path = WorkspaceLayout.swift; sourceTree = "<group>"; };
		72A998C36CA424E5C667C738 /* PrivacyInfo.xcprivacy */ = {isa = PBXFileReference; includeInIndex = 1; lastKnownFileType = text.xml; path = PrivacyInfo.xcprivacy; sourceTree = "<group>"; };
		782907EA442E9AB1719FFA0D /* ForumSite.swift */ = {isa = PBXFileReference; includeInIndex = 1; lastKnownFileType = sourcecode.swift; path = ForumSite.swift; sourceTree = "<group>"; };
		7854BEC110B799540C02041D /* KeychainSyncTests.swift */ = {isa = PBXFileReference; includeInIndex = 1; lastKnownFileType = sourcecode.swift; path = KeychainSyncTests.swift; sourceTree = "<group>"; };
		7F2860469D7563A3DE47B800 /* AppleIntelligenceClient.swift */ = {isa = PBXFileReference; includeInIndex = 1; lastKnownFileType = sourcecode.swift; path = AppleIntelligenceClient.swift; sourceTree = "<group>"; };
		816D0DA58330BBE0DADA6A8C /* ForumindShare.appex */ = {isa = PBXFileReference; explicitFileType = "wrapper.app-extension"; includeInIndex = 0; name = ForumindShare.appex; path = ForumindShare.appex; sourceTree = BUILT_PRODUCTS_DIR; };
		8DA27A01C767C647D22E59A6 /* AppModel+Onboarding.swift */ = {isa = PBXFileReference; includeInIndex = 1; lastKnownFileType = sourcecode.swift; path = "AppModel+Onboarding.swift"; sourceTree = "<group>"; };
		8F03C601AE0C2456567384BB /* Info.plist */ = {isa = PBXFileReference; includeInIndex = 1; lastKnownFileType = text.plist.xml; path = Info.plist; sourceTree = "<group>"; };
		934E34289063A42C1F2FD5A2 /* ForumindTests.xctest */ = {isa = PBXFileReference; explicitFileType = wrapper.cfbundle; includeInIndex = 0; path = ForumindTests.xctest; sourceTree = BUILT_PRODUCTS_DIR; };
		939E973B29345D6EB4DE7975 /* AppModel+StateDebug.swift */ = {isa = PBXFileReference; includeInIndex = 1; lastKnownFileType = sourcecode.swift; path = "AppModel+StateDebug.swift"; sourceTree = "<group>"; };
		95473519A7D8CE0F8E4C8127 /* SharedPage.swift */ = {isa = PBXFileReference; includeInIndex = 1; lastKnownFileType = sourcecode.swift; path = SharedPage.swift; sourceTree = "<group>"; };
		980A0B8F3BF0C015C4D9C781 /* SettingsProviderForm.swift */ = {isa = PBXFileReference; includeInIndex = 1; lastKnownFileType = sourcecode.swift; path = SettingsProviderForm.swift; sourceTree = "<group>"; };
		9CA7C9F17297F2F09EB41121 /* Persistence.swift */ = {isa = PBXFileReference; includeInIndex = 1; lastKnownFileType = sourcecode.swift; path = Persistence.swift; sourceTree = "<group>"; };
		9CEE12642C4C8A3E7ECBFB0F /* AgentEngine.swift */ = {isa = PBXFileReference; includeInIndex = 1; lastKnownFileType = sourcecode.swift; path = AgentEngine.swift; sourceTree = "<group>"; };
		A4AC54AE2EB9F21348C866E9 /* AIService.swift */ = {isa = PBXFileReference; includeInIndex = 1; lastKnownFileType = sourcecode.swift; path = AIService.swift; sourceTree = "<group>"; };
		A5798A67FA29699463BDA73B /* SettingsNavigationUITests.swift */ = {isa = PBXFileReference; includeInIndex = 1; lastKnownFileType = sourcecode.swift; path = SettingsNavigationUITests.swift; sourceTree = "<group>"; };
		A6A110CD3641CCE407E4F2F8 /* ForumindApp.swift */ = {isa = PBXFileReference; includeInIndex = 1; lastKnownFileType = sourcecode.swift; path = ForumindApp.swift; sourceTree = "<group>"; };
		A710835105ABC00FEAAF41F9 /* SettingsForumsPage.swift */ = {isa = PBXFileReference; includeInIndex = 1; lastKnownFileType = sourcecode.swift; path = SettingsForumsPage.swift; sourceTree = "<group>"; };
		A82E5AC29A3488E7E9E0551F /* AssistantStates.swift */ = {isa = PBXFileReference; includeInIndex = 1; lastKnownFileType = sourcecode.swift; path = AssistantStates.swift; sourceTree = "<group>"; };
		AAFFED72EFEB4092DA587DD4 /* CloudKitTransport.swift */ = {isa = PBXFileReference; includeInIndex = 1; lastKnownFileType = sourcecode.swift; path = CloudKitTransport.swift; sourceTree = "<group>"; };
		AB7388B2F15197D324834DE3 /* SettingsPanel.swift */ = {isa = PBXFileReference; includeInIndex = 1; lastKnownFileType = sourcecode.swift; path = SettingsPanel.swift; sourceTree = "<group>"; };
		B1514B3EA2FD0011034340C0 /* ContentView.swift */ = {isa = PBXFileReference; includeInIndex = 1; lastKnownFileType = sourcecode.swift; path = ContentView.swift; sourceTree = "<group>"; };
		B1846CA7C6D71A580AFB0173 /* StateTransitionTests.swift */ = {isa = PBXFileReference; includeInIndex = 1; lastKnownFileType = sourcecode.swift; path = StateTransitionTests.swift; sourceTree = "<group>"; };
		B202F80435A67FEC7E1F692C /* AppModel+ContentBlocking.swift */ = {isa = PBXFileReference; includeInIndex = 1; lastKnownFileType = sourcecode.swift; path = "AppModel+ContentBlocking.swift"; sourceTree = "<group>"; };
		B2C8B928828921AA0FBC8F86 /* Onboarding.swift */ = {isa = PBXFileReference; includeInIndex = 1; lastKnownFileType = sourcecode.swift; path = Onboarding.swift; sourceTree = "<group>"; };
		B3061F66D035AB74AC950A66 /* DiscourseProbe.js */ = {isa = PBXFileReference; includeInIndex = 1; path = DiscourseProbe.js; sourceTree = "<group>"; };
		B363B1C1D4F88A13518CAB6A /* ForumindShare.entitlements */ = {isa = PBXFileReference; includeInIndex = 1; lastKnownFileType = text.plist.entitlements; path = ForumindShare.entitlements; sourceTree = "<group>"; };
		B3C785EEF6000ACC7919F873 /* AppleIntelligenceService.swift */ = {isa = PBXFileReference; includeInIndex = 1; lastKnownFileType = sourcecode.swift; path = AppleIntelligenceService.swift; sourceTree = "<group>"; };
		BCF6260F9C2439C16EC4AD62 /* DesignSystem.swift */ = {isa = PBXFileReference; includeInIndex = 1; lastKnownFileType = sourcecode.swift; path = DesignSystem.swift; sourceTree = "<group>"; };
		BD5E414F0B21322970778E0B /* ContentBlockerTests.swift */ = {isa = PBXFileReference; includeInIndex = 1; lastKnownFileType = sourcecode.swift; path = ContentBlockerTests.swift; sourceTree = "<group>"; };
		BF4FE5DC0C26E76B5390669A /* SettingsDataHelpPages.swift */ = {isa = PBXFileReference; includeInIndex = 1; lastKnownFileType = sourcecode.swift; path = SettingsDataHelpPages.swift; sourceTree = "<group>"; };
		C06FBBA6C784809B0D20AF40 /* AppModel+CloudSync.swift */ = {isa = PBXFileReference; includeInIndex = 1; lastKnownFileType = sourcecode.swift; path = "AppModel+CloudSync.swift"; sourceTree = "<group>"; };
		C3505B5160A7AE2A7B9F9D7B /* OnboardingUITests.swift */ = {isa = PBXFileReference; includeInIndex = 1; lastKnownFileType = sourcecode.swift; path = OnboardingUITests.swift; sourceTree = "<group>"; };
		CA8FA03A9B71D745417139B6 /* AppleIntelligence.swift */ = {isa = PBXFileReference; includeInIndex = 1; lastKnownFileType = sourcecode.swift; path = AppleIntelligence.swift; sourceTree = "<group>"; };
		D42665E9A8AA00F8DCFFC429 /* SettingsAssistantPages.swift */ = {isa = PBXFileReference; includeInIndex = 1; lastKnownFileType = sourcecode.swift; path = SettingsAssistantPages.swift; sourceTree = "<group>"; };
		D4A0326AD8BC4068FFB00A88 /* IPadLayoutUITests.swift */ = {isa = PBXFileReference; includeInIndex = 1; lastKnownFileType = sourcecode.swift; path = IPadLayoutUITests.swift; sourceTree = "<group>"; };
		D66484EE8232458169AE5531 /* AppModel.swift */ = {isa = PBXFileReference; includeInIndex = 1; lastKnownFileType = sourcecode.swift; path = AppModel.swift; sourceTree = "<group>"; };
		DC8B43EA6B27AD8BA80F9562 /* PageContext.swift */ = {isa = PBXFileReference; includeInIndex = 1; lastKnownFileType = sourcecode.swift; path = PageContext.swift; sourceTree = "<group>"; };
		E49061E7D03265186FBF1003 /* SettingsProviderPage.swift */ = {isa = PBXFileReference; includeInIndex = 1; lastKnownFileType = sourcecode.swift; path = SettingsProviderPage.swift; sourceTree = "<group>"; };
		E6457098E4A9CDC08AB6AA01 /* Forumind.app */ = {isa = PBXFileReference; explicitFileType = wrapper.application; includeInIndex = 0; name = Forumind.app; path = Forumind.app; sourceTree = BUILT_PRODUCTS_DIR; };
		E714BBD8C79226ABF83EDCE9 /* MultiForumTests.swift */ = {isa = PBXFileReference; includeInIndex = 1; lastKnownFileType = sourcecode.swift; path = MultiForumTests.swift; sourceTree = "<group>"; };
		ECED644C3DED572BE83AC096 /* IncomingLink.swift */ = {isa = PBXFileReference; includeInIndex = 1; lastKnownFileType = sourcecode.swift; path = IncomingLink.swift; sourceTree = "<group>"; };
		ED900885E83F8991A20FAA32 /* ForumDirectory.swift */ = {isa = PBXFileReference; includeInIndex = 1; lastKnownFileType = sourcecode.swift; path = ForumDirectory.swift; sourceTree = "<group>"; };
		EEB3B64D1D2BBD1E9CB73C5B /* UITestSupport.swift */ = {isa = PBXFileReference; includeInIndex = 1; lastKnownFileType = sourcecode.swift; path = UITestSupport.swift; sourceTree = "<group>"; };
		F8069C7207FF49F22CD68A0A /* ContentBlocker.swift */ = {isa = PBXFileReference; includeInIndex = 1; lastKnownFileType = sourcecode.swift; path = ContentBlocker.swift; sourceTree = "<group>"; };
		FD919A75BC4BB3AAFE4BEAE7 /* Foundation.framework */ = {isa = PBXFileReference; lastKnownFileType = wrapper.framework; name = Foundation.framework; path = Platforms/iPhoneOS.platform/Developer/SDKs/iPhoneOS26.0.sdk/System/Library/Frameworks/Foundation.framework; sourceTree = DEVELOPER_DIR; };
/* End PBXFileReference section */

/* Begin PBXFrameworksBuildPhase section */
		0634C209D3DC616B28A911BF /* Frameworks */ = {
			isa = PBXFrameworksBuildPhase;
			buildActionMask = 2147483647;
			files = (
				CCE1FD45A698DD6C5A379E11 /* Foundation.framework in Frameworks */,
			);
			runOnlyForDeploymentPostprocessing = 0;
		};
		337CD783EC9731261DE7315A /* Frameworks */ = {
			isa = PBXFrameworksBuildPhase;
			buildActionMask = 2147483647;
			files = (
				D9053836B3922088589F5FD3 /* Foundation.framework in Frameworks */,
			);
			runOnlyForDeploymentPostprocessing = 0;
		};
		7BFBB472164A519EE2F30C0E /* Frameworks */ = {
			isa = PBXFrameworksBuildPhase;
			buildActionMask = 2147483647;
			files = (
				3A8685456B405C46F1CDBD98 /* Foundation.framework in Frameworks */,
			);
			runOnlyForDeploymentPostprocessing = 0;
		};
		A40DAFDF98FFCEB2DA03FC7C /* Frameworks */ = {
			isa = PBXFrameworksBuildPhase;
			buildActionMask = 2147483647;
			files = (
				CC94F8A9D1DDB5DEE27EED9F /* Foundation.framework in Frameworks */,
			);
			runOnlyForDeploymentPostprocessing = 0;
		};
/* End PBXFrameworksBuildPhase section */

/* Begin PBXGroup section */
		06384D7359706D34398B89A9 /* Products */ = {
			isa = PBXGroup;
			children = (
				E6457098E4A9CDC08AB6AA01 /* Forumind.app */,
				816D0DA58330BBE0DADA6A8C /* ForumindShare.appex */,
				934E34289063A42C1F2FD5A2 /* ForumindTests.xctest */,
				2DD9CC908E5B3B0D7CC58A87 /* ForumindUITests.xctest */,
			);
			name = Products;
			sourceTree = "<group>";
		};
		1957C63363A2B54CEE352A7C = {
			isa = PBXGroup;
			children = (
				06384D7359706D34398B89A9 /* Products */,
				6784DABBF6969A5BB13AFEF6 /* Frameworks */,
				AC917DC8073DE777A8932E97 /* Forumind */,
				F872ACCEABA6285A34070538 /* ForumindTests */,
				A7B4B449C06168F38586915D /* ForumindUITests */,
				D1E754F169C43731C8BEB7EA /* ForumindShare */,
			);
			sourceTree = "<group>";
		};
		6784DABBF6969A5BB13AFEF6 /* Frameworks */ = {
			isa = PBXGroup;
			children = (
				71FFC70BB7E04C6B3B26CB63 /* iOS */,
			);
			name = Frameworks;
			sourceTree = "<group>";
		};
		71FFC70BB7E04C6B3B26CB63 /* iOS */ = {
			isa = PBXGroup;
			children = (
				FD919A75BC4BB3AAFE4BEAE7 /* Foundation.framework */,
			);
			name = iOS;
			sourceTree = "<group>";
		};
		A7B4B449C06168F38586915D /* ForumindUITests */ = {
			isa = PBXGroup;
			children = (
				5A5E117DC308B4B42A8249E0 /* ForumsHomeUITests.swift */,
				D4A0326AD8BC4068FFB00A88 /* IPadLayoutUITests.swift */,
				C3505B5160A7AE2A7B9F9D7B /* OnboardingUITests.swift */,
				5FC9F3E6138A8627BD1B980D /* PhysicalDeviceSmokeTests.swift */,
				A5798A67FA29699463BDA73B /* SettingsNavigationUITests.swift */,
				621837C537068B9D3F840B95 /* ShareHandoffUITests.swift */,
				EEB3B64D1D2BBD1E9CB73C5B /* UITestSupport.swift */,
			);
			name = ForumindUITests;
			path = ForumindUITests;
			sourceTree = "<group>";
		};
		AC917DC8073DE777A8932E97 /* Forumind */ = {
			isa = PBXGroup;
			children = (
				A4AC54AE2EB9F21348C866E9 /* AIService.swift */,
				03461B1460C45BD8C783EED9 /* ActivityPanel.swift */,
				9CEE12642C4C8A3E7ECBFB0F /* AgentEngine.swift */,
				3CEA1BA552B8A80CAC03B1F2 /* AgentPanel.swift */,
				61816D2C3CD969380D0692C0 /* AppIdentity.swift */,
				2D83531A51913553C1BC5A7E /* AppModel+Assistant.swift */,
				5667B1CDE06BFCCE066460DB /* AppModel+Browse.swift */,
				C06FBBA6C784809B0D20AF40 /* AppModel+CloudSync.swift */,
				B202F80435A67FEC7E1F692C /* AppModel+ContentBlocking.swift */,
				8DA27A01C767C647D22E59A6 /* AppModel+Onboarding.swift */,
				939E973B29345D6EB4DE7975 /* AppModel+StateDebug.swift */,
				D66484EE8232458169AE5531 /* AppModel.swift */,
				CA8FA03A9B71D745417139B6 /* AppleIntelligence.swift */,
				7F2860469D7563A3DE47B800 /* AppleIntelligenceClient.swift */,
				B3C785EEF6000ACC7919F873 /* AppleIntelligenceService.swift */,
				3A8C1FB6597E2573FA3C296F /* AppleIntelligenceViews.swift */,
				A82E5AC29A3488E7E9E0551F /* AssistantStates.swift */,
				AAFFED72EFEB4092DA587DD4 /* CloudKitTransport.swift */,
				6E6834C8C83265706EF811BB /* CloudSyncController.swift */,
				27342E38DF4F533674BE9B8A /* CloudSyncEngine.swift */,
				2585AEF7612EFD2335208E21 /* CloudSyncTransport.swift */,
				F8069C7207FF49F22CD68A0A /* ContentBlocker.swift */,
				B1514B3EA2FD0011034340C0 /* ContentView.swift */,
				BCF6260F9C2439C16EC4AD62 /* DesignSystem.swift */,
				4365359AD2BE7957E276EBE8 /* ForumBrowser.swift */,
				0B9A014EE301AD746ABAE344 /* ForumComponents.swift */,
				ED900885E83F8991A20FAA32 /* ForumDirectory.swift */,
				1424A4FD0279FF9651FBCDF3 /* ForumService.swift */,
				782907EA442E9AB1719FFA0D /* ForumSite.swift */,
				A6A110CD3641CCE407E4F2F8 /* ForumindApp.swift */,
				03934E82483FD468777DAD66 /* ForumsHome.swift */,
				ECED644C3DED572BE83AC096 /* IncomingLink.swift */,
				68ACF2A6BF7A2FD099E98056 /* KeychainSyncProbe.swift */,
				2CDB2A241ED7488338AB485A /* MarkdownView.swift */,
				30ACB37F3AA693D8D68D9941 /* Models.swift */,
				B2C8B928828921AA0FBC8F86 /* Onboarding.swift */,
				04D881468401FF0FFF8303B5 /* OnboardingSteps.swift */,
				DC8B43EA6B27AD8BA80F9562 /* PageContext.swift */,
				9CA7C9F17297F2F09EB41121 /* Persistence.swift */,
				4EDF8F9CBD5268847401598B /* PromptBuilder.swift */,
				D42665E9A8AA00F8DCFFC429 /* SettingsAssistantPages.swift */,
				BF4FE5DC0C26E76B5390669A /* SettingsDataHelpPages.swift */,
				A710835105ABC00FEAAF41F9 /* SettingsForumsPage.swift */,
				AB7388B2F15197D324834DE3 /* SettingsPanel.swift */,
				980A0B8F3BF0C015C4D9C781 /* SettingsProviderForm.swift */,
				E49061E7D03265186FBF1003 /* SettingsProviderPage.swift */,
				3343A74DB938BD3AA76AE23A /* SettingsSyncPage.swift */,
				2423C154168EC1D9F98A32D0 /* SummaryPanel.swift */,
				317166CC4F5458E62FB38838 /* SyncRecords.swift */,
				2ED1532051A5C2E9693F1129 /* WatchSupport.swift */,
				6FC9CEDCEA6E197A25B241B2 /* WorkspaceLayout.swift */,
				04FCAE797E5CF8240A5F59A3 /* Assets.xcassets */,
				2310D6B2F723570F85E70F9A /* ContentBlocking */,
				0FB0BD1F6037E0A4160085CE /* Info.plist */,
				2C94702046CBBFEB26D30C99 /* Forumind.entitlements */,
				6F09C069B3C90E78C0EDB002 /* PrivacyInfo.xcprivacy */,
				21C9850EA4685A57C3367148 /* AppIcon.png */,
			);
			name = Forumind;
			path = Forumind;
			sourceTree = "<group>";
		};
		D1E754F169C43731C8BEB7EA /* ForumindShare */ = {
			isa = PBXGroup;
			children = (
				329B42F1F1D55524E7BE1654 /* ShareSheetView.swift */,
				5535A78710B8DB1D55F71BCF /* ShareViewController.swift */,
				95473519A7D8CE0F8E4C8127 /* SharedPage.swift */,
				B3061F66D035AB74AC950A66 /* DiscourseProbe.js */,
				8F03C601AE0C2456567384BB /* Info.plist */,
				B363B1C1D4F88A13518CAB6A /* ForumindShare.entitlements */,
				72A998C36CA424E5C667C738 /* PrivacyInfo.xcprivacy */,
			);
			name = ForumindShare;
			path = ForumindShare;
			sourceTree = "<group>";
		};
		F872ACCEABA6285A34070538 /* ForumindTests */ = {
			isa = PBXGroup;
			children = (
				6297545F053312D90C5F7177 /* AppIdentityTests.swift */,
				1B7007F17B099D8E90DC61AB /* AppleIntelligenceTests.swift */,
				1482E26FF7CE5E241025B91F /* AssistantSourcesTests.swift */,
				3FEEA67BCE3AEFD0A1E6FEB9 /* CloudSyncFakes.swift */,
				4C3F609149B07A443AAB8777 /* CloudSyncTests.swift */,
				BD5E414F0B21322970778E0B /* ContentBlockerTests.swift */,
				623B45CC239BE46E20AE802A /* ContentBlockingRulesTests.swift */,
				3F245971FD9F077B556D2518 /* CoreTests.swift */,
				518133A3F1535E19FA0843F0 /* IPadLayoutTests.swift */,
				51F4B298786893884EBCACB5 /* IncomingLinkTests.swift */,
				7854BEC110B799540C02041D /* KeychainSyncTests.swift */,
				E714BBD8C79226ABF83EDCE9 /* MultiForumTests.swift */,
				57A3D479054674859F6B0DBE /* OnboardingTests.swift */,
				B1846CA7C6D71A580AFB0173 /* StateTransitionTests.swift */,
			);
			name = ForumindTests;
			path = ForumindTests;
			sourceTree = "<group>";
		};
/* End PBXGroup section */

/* Begin PBXNativeTarget section */
		52089BC06320A083EB2644E1 /* ForumindShare */ = {
			isa = PBXNativeTarget;
			buildConfigurationList = 55CFB49DCE208CAD2381699E /* Build configuration list for PBXNativeTarget "ForumindShare" */;
			buildPhases = (
				216AB349A646BE4E66C9E7DD /* Sources */,
				7BFBB472164A519EE2F30C0E /* Frameworks */,
				987DB812BB6DA3C5BF010F7D /* Resources */,
			);
			buildRules = (
			);
			dependencies = (
			);
			name = ForumindShare;
			productName = ForumindShare;
			productReference = 816D0DA58330BBE0DADA6A8C /* ForumindShare.appex */;
			productType = "com.apple.product-type.app-extension";
		};
		A478563FF92D494F40C3CF62 /* ForumindTests */ = {
			isa = PBXNativeTarget;
			buildConfigurationList = D148AB9DDBB00EB4E443BF61 /* Build configuration list for PBXNativeTarget "ForumindTests" */;
			buildPhases = (
				9287E78E67A932DD4905F335 /* Sources */,
				A40DAFDF98FFCEB2DA03FC7C /* Frameworks */,
				50D073FED52052EF15B88EDA /* Resources */,
			);
			buildRules = (
			);
			dependencies = (
				CAFF203FDE0FE0240FE7B55F /* PBXTargetDependency */,
			);
			name = ForumindTests;
			productName = ForumindTests;
			productReference = 934E34289063A42C1F2FD5A2 /* ForumindTests.xctest */;
			productType = "com.apple.product-type.bundle.unit-test";
		};
		E4B83EE04648E84F17D83F7C /* ForumindUITests */ = {
			isa = PBXNativeTarget;
			buildConfigurationList = D4E0042D686D7DAB2007EA79 /* Build configuration list for PBXNativeTarget "ForumindUITests" */;
			buildPhases = (
				4E02EF814362B124C81BC17C /* Sources */,
				0634C209D3DC616B28A911BF /* Frameworks */,
				BCE6CF6B41131E512CA63E14 /* Resources */,
			);
			buildRules = (
			);
			dependencies = (
				49558706ABBE582F895897A6 /* PBXTargetDependency */,
			);
			name = ForumindUITests;
			productName = ForumindUITests;
			productReference = 2DD9CC908E5B3B0D7CC58A87 /* ForumindUITests.xctest */;
			productType = "com.apple.product-type.bundle.ui-testing";
		};
		FD0336085BBFF1CBCC2F7CD4 /* Forumind */ = {
			isa = PBXNativeTarget;
			buildConfigurationList = 5F180A8D2E74868D0A038778 /* Build configuration list for PBXNativeTarget "Forumind" */;
			buildPhases = (
				7ACDDEC8C99F452FC12F9E57 /* Sources */,
				337CD783EC9731261DE7315A /* Frameworks */,
				ACD06C2AC5C2C824E5215A2E /* Resources */,
				F2C66C4F50B2897807447210 /* Embed Foundation Extensions */,
			);
			buildRules = (
			);
			dependencies = (
				49C16CCB7F9B458F6B9B6591 /* PBXTargetDependency */,
			);
			name = Forumind;
			productName = Forumind;
			productReference = E6457098E4A9CDC08AB6AA01 /* Forumind.app */;
			productType = "com.apple.product-type.application";
		};
/* End PBXNativeTarget section */

/* Begin PBXProject section */
		887DBB3A5D35B08BB4797039 /* Project object */ = {
			isa = PBXProject;
			attributes = {
				LastSwiftUpdateCheck = 2660;
				LastUpgradeCheck = 2660;
			};
			buildConfigurationList = F5314966F2AAE0A8829C7E99 /* Build configuration list for PBXProject "Forumind" */;
			compatibilityVersion = "Xcode 3.2";
			developmentRegion = en;
			hasScannedForEncodings = 0;
			knownRegions = (
				en,
				Base,
			);
			mainGroup = 1957C63363A2B54CEE352A7C;
			minimizedProjectReferenceProxies = 0;
			preferredProjectObjectVersion = 100;
			productRefGroup = 06384D7359706D34398B89A9 /* Products */;
			projectDirPath = "";
			projectRoot = "";
			targets = (
				FD0336085BBFF1CBCC2F7CD4 /* Forumind */,
				52089BC06320A083EB2644E1 /* ForumindShare */,
				A478563FF92D494F40C3CF62 /* ForumindTests */,
				E4B83EE04648E84F17D83F7C /* ForumindUITests */,
			);
		};
/* End PBXProject section */

/* Begin PBXResourcesBuildPhase section */
		50D073FED52052EF15B88EDA /* Resources */ = {
			isa = PBXResourcesBuildPhase;
			buildActionMask = 2147483647;
			files = (
			);
			runOnlyForDeploymentPostprocessing = 0;
		};
		987DB812BB6DA3C5BF010F7D /* Resources */ = {
			isa = PBXResourcesBuildPhase;
			buildActionMask = 2147483647;
			files = (
				9D9EE46ED930488225B0C70C /* DiscourseProbe.js in Resources */,
				F29549EF73F8DF8BBB760482 /* AppIcon.png in Resources */,
				80697597D12ABB38ECB82467 /* PrivacyInfo.xcprivacy in Resources */,
			);
			runOnlyForDeploymentPostprocessing = 0;
		};
		ACD06C2AC5C2C824E5215A2E /* Resources */ = {
			isa = PBXResourcesBuildPhase;
			buildActionMask = 2147483647;
			files = (
				A2BF1985B1EAE3E4DDCA5DB7 /* Assets.xcassets in Resources */,
				311A33BED738AE49D45FC311 /* ContentBlocking in Resources */,
				600F81743B4B6A409732937E /* PrivacyInfo.xcprivacy in Resources */,
			);
			runOnlyForDeploymentPostprocessing = 0;
		};
		BCE6CF6B41131E512CA63E14 /* Resources */ = {
			isa = PBXResourcesBuildPhase;
			buildActionMask = 2147483647;
			files = (
			);
			runOnlyForDeploymentPostprocessing = 0;
		};
/* End PBXResourcesBuildPhase section */

/* Begin PBXSourcesBuildPhase section */
		216AB349A646BE4E66C9E7DD /* Sources */ = {
			isa = PBXSourcesBuildPhase;
			buildActionMask = 2147483647;
			files = (
				E8BDD41A0F81BF99C8325B15 /* ShareSheetView.swift in Sources */,
				EF7EC4C92735A7CDF8FFCA2E /* ShareViewController.swift in Sources */,
				CED4053CD54710FA78EBBD64 /* SharedPage.swift in Sources */,
				E7D07CFE2697EDAA1C6B73A0 /* AppIdentity.swift in Sources */,
				AED292EEF9B9C94198798523 /* IncomingLink.swift in Sources */,
			);
			runOnlyForDeploymentPostprocessing = 0;
		};
		4E02EF814362B124C81BC17C /* Sources */ = {
			isa = PBXSourcesBuildPhase;
			buildActionMask = 2147483647;
			files = (
				2E2D6824366416193531BEB0 /* ForumsHomeUITests.swift in Sources */,
				BDA0AC11DCD2297441ABFE8F /* IPadLayoutUITests.swift in Sources */,
				B33EC96FEFC9D6053674AF43 /* OnboardingUITests.swift in Sources */,
				6E557EC512B822FC57D6156A /* PhysicalDeviceSmokeTests.swift in Sources */,
				C39C7D47A8CBEC42453BAA92 /* SettingsNavigationUITests.swift in Sources */,
				7AC2FB309ED1CE3AB3DF437A /* ShareHandoffUITests.swift in Sources */,
				30C993BB8326A3D6CC8C16CA /* UITestSupport.swift in Sources */,
			);
			runOnlyForDeploymentPostprocessing = 0;
		};
		7ACDDEC8C99F452FC12F9E57 /* Sources */ = {
			isa = PBXSourcesBuildPhase;
			buildActionMask = 2147483647;
			files = (
				A25F5C1F5CCF484A2A2365F5 /* AIService.swift in Sources */,
				62326324EB595B145303F685 /* ActivityPanel.swift in Sources */,
				FD4E45AA5DAE139AB6A01209 /* AgentEngine.swift in Sources */,
				48E58ABCE7E2D0C4E433B6B2 /* AgentPanel.swift in Sources */,
				7B4E2999677A24D5E9108FE9 /* AppIdentity.swift in Sources */,
				C60F69F1F4F225F8604308C4 /* AppModel+Assistant.swift in Sources */,
				908A9ABF835B8753C8CFA365 /* AppModel+Browse.swift in Sources */,
				0EB49EE5959245CF8505653D /* AppModel+CloudSync.swift in Sources */,
				AED0FEB186A3C34E6EFB0846 /* AppModel+ContentBlocking.swift in Sources */,
				1AF031FD4BF90286153D9DBC /* AppModel+Onboarding.swift in Sources */,
				E5B8C599BC4E160497906698 /* AppModel+StateDebug.swift in Sources */,
				89890470659639EED7ED0038 /* AppModel.swift in Sources */,
				EC75BEB3AE1E80A6BB532FBC /* AppleIntelligence.swift in Sources */,
				7C3E50454EC72EB66B624E16 /* AppleIntelligenceClient.swift in Sources */,
				E6D474667089271750D787B9 /* AppleIntelligenceService.swift in Sources */,
				A3D70A256883076005FBF86B /* AppleIntelligenceViews.swift in Sources */,
				040A630C2C8A5300F8964E1F /* AssistantStates.swift in Sources */,
				632818732CA4A91B30D52E10 /* CloudKitTransport.swift in Sources */,
				72E078BCCCA89FE8C5F3752B /* CloudSyncController.swift in Sources */,
				8D0248D35E6189075C660A88 /* CloudSyncEngine.swift in Sources */,
				6D952001D8CC2571C3341E89 /* CloudSyncTransport.swift in Sources */,
				11FD0778D2B7B2CF61B0C9B0 /* ContentBlocker.swift in Sources */,
				D464EBC48E0789D0AF32F881 /* ContentView.swift in Sources */,
				2778C38EAC4A61108C499F53 /* DesignSystem.swift in Sources */,
				CDC928400D878C4512DA369E /* ForumBrowser.swift in Sources */,
				E9B5905AE98EFA2457E0516B /* ForumComponents.swift in Sources */,
				7CA70FCB50791C1585464EEE /* ForumDirectory.swift in Sources */,
				618BA4D1DD7C74458AEAB9AE /* ForumService.swift in Sources */,
				DAA06E1A2F388F054DA7043F /* ForumSite.swift in Sources */,
				B7190CBC744C711F47769BB1 /* ForumindApp.swift in Sources */,
				D913D92BFEB0C4AF4F73E65E /* ForumsHome.swift in Sources */,
				0AAA0A8E331C8701E10BDAE9 /* IncomingLink.swift in Sources */,
				A78AD0C8831126FCE314A2E8 /* KeychainSyncProbe.swift in Sources */,
				43C17EDE40C50BDEEC95304B /* MarkdownView.swift in Sources */,
				B9A1FA648C88911146C7E9FA /* Models.swift in Sources */,
				2A9D83123121DACED7D8AFAC /* Onboarding.swift in Sources */,
				7AC18CDE8A5549BABA89F48C /* OnboardingSteps.swift in Sources */,
				49E4883E329EF7AC782802FC /* PageContext.swift in Sources */,
				DA424AE91D50A42F7BE43710 /* Persistence.swift in Sources */,
				418268AA9B5F9B6EBC630E82 /* PromptBuilder.swift in Sources */,
				68B149A1DDBCA6F400DFEFDD /* SettingsAssistantPages.swift in Sources */,
				DC7CDFBC8BA0A0918E74E405 /* SettingsDataHelpPages.swift in Sources */,
				BB216BA66C304F83EB51061E /* SettingsForumsPage.swift in Sources */,
				F21890160CCE9AF1DEDFF1EB /* SettingsPanel.swift in Sources */,
				CB3C581D7006532FA1761E86 /* SettingsProviderForm.swift in Sources */,
				8547BEE685E6FAA6596E23B5 /* SettingsProviderPage.swift in Sources */,
				A12DC00290FD971A19968AC7 /* SettingsSyncPage.swift in Sources */,
				CE27CB7D6743DD2531004B60 /* SummaryPanel.swift in Sources */,
				44024B102865DBFCE9096110 /* SyncRecords.swift in Sources */,
				A4D6F644F28E96278A637732 /* WatchSupport.swift in Sources */,
				42E59692AC0A82840ABF21C8 /* WorkspaceLayout.swift in Sources */,
			);
			runOnlyForDeploymentPostprocessing = 0;
		};
		9287E78E67A932DD4905F335 /* Sources */ = {
			isa = PBXSourcesBuildPhase;
			buildActionMask = 2147483647;
			files = (
				FD843E22727A4DB616AB71BE /* AppIdentityTests.swift in Sources */,
				FD9CCF5D976920202A2D3979 /* AppleIntelligenceTests.swift in Sources */,
				0366A456C4DC00F1A43FC1BE /* AssistantSourcesTests.swift in Sources */,
				536FDAD485283E622D32CA92 /* CloudSyncFakes.swift in Sources */,
				0361568535B59F9BB77BD786 /* CloudSyncTests.swift in Sources */,
				3646A1E0E45098BF3EE3AF4B /* ContentBlockerTests.swift in Sources */,
				8E7BAFB1C1F8BCEF922E70B3 /* ContentBlockingRulesTests.swift in Sources */,
				9A8294F13C73ECE1C9B82036 /* CoreTests.swift in Sources */,
				A3C4E62BFF4C43340EC21B96 /* IPadLayoutTests.swift in Sources */,
				A61818B6B88494E7BF93614E /* IncomingLinkTests.swift in Sources */,
				9964C41946B641F78507A592 /* KeychainSyncTests.swift in Sources */,
				5F2A1317A86A5053AAE267F9 /* MultiForumTests.swift in Sources */,
				794DE0425D0764E825D0ED63 /* OnboardingTests.swift in Sources */,
				71E8BC4E1ABD13D601AF38E1 /* StateTransitionTests.swift in Sources */,
			);
			runOnlyForDeploymentPostprocessing = 0;
		};
/* End PBXSourcesBuildPhase section */

/* Begin PBXTargetDependency section */
		49558706ABBE582F895897A6 /* PBXTargetDependency */ = {
			isa = PBXTargetDependency;
			name = Forumind;
			target = FD0336085BBFF1CBCC2F7CD4 /* Forumind */;
			targetProxy = 6AEFE645F512673EAB1C9996 /* PBXContainerItemProxy */;
		};
		49C16CCB7F9B458F6B9B6591 /* PBXTargetDependency */ = {
			isa = PBXTargetDependency;
			name = ForumindShare;
			target = 52089BC06320A083EB2644E1 /* ForumindShare */;
			targetProxy = E79B6750175E21E5BF902DD0 /* PBXContainerItemProxy */;
		};
		CAFF203FDE0FE0240FE7B55F /* PBXTargetDependency */ = {
			isa = PBXTargetDependency;
			name = Forumind;
			target = FD0336085BBFF1CBCC2F7CD4 /* Forumind */;
			targetProxy = 90F3926D8BC0FCCE42DA1E38 /* PBXContainerItemProxy */;
		};
/* End PBXTargetDependency section */

/* Begin XCBuildConfiguration section */
		5E772251A67F38B735571652 /* Debug */ = {
			isa = XCBuildConfiguration;
			buildSettings = {
				ASSETCATALOG_COMPILER_APPICON_NAME = AppIcon;
				ASSETCATALOG_COMPILER_GLOBAL_ACCENT_COLOR_NAME = AccentColor;
				CLANG_ENABLE_OBJC_WEAK = NO;
				CODE_SIGN_ENTITLEMENTS = Forumind/Forumind.entitlements;
				CODE_SIGN_STYLE = Automatic;
				CURRENT_PROJECT_VERSION = 1;
				DC_APP_GROUP = group.io.github.kccarlos.forumind;
				DC_IDENTIFIER_PREFIX = io.github.kccarlos.forumind;
				GENERATE_INFOPLIST_FILE = NO;
				INFOPLIST_FILE = Forumind/Info.plist;
				IPHONEOS_DEPLOYMENT_TARGET = 17.0;
				LD_RUNPATH_SEARCH_PATHS = "$(inherited) @executable_path/Frameworks";
				MARKETING_VERSION = 1.0.0;
				OTHER_SWIFT_FLAGS = "$(inherited)";
				PRODUCT_BUNDLE_IDENTIFIER = io.github.kccarlos.forumind;
				PRODUCT_NAME = "$(TARGET_NAME)";
				SDKROOT = iphoneos;
				SUPPORTED_PLATFORMS = "iphoneos iphonesimulator";
				SUPPORTS_MACCATALYST = NO;
				SWIFT_EMIT_LOC_STRINGS = YES;
				SWIFT_STRICT_CONCURRENCY = minimal;
				SWIFT_VERSION = 5.0;
				TARGETED_DEVICE_FAMILY = "1,2";
			};
			name = Debug;
		};
		69C754AB74F750B5C29A5C6B /* Release */ = {
			isa = XCBuildConfiguration;
			buildSettings = {
				ASSETCATALOG_COMPILER_APPICON_NAME = AppIcon;
				ASSETCATALOG_COMPILER_GLOBAL_ACCENT_COLOR_NAME = AccentColor;
				CLANG_ENABLE_OBJC_WEAK = NO;
				CODE_SIGN_ENTITLEMENTS = Forumind/Forumind.entitlements;
				CODE_SIGN_STYLE = Automatic;
				CURRENT_PROJECT_VERSION = 1;
				DC_APP_GROUP = group.io.github.kccarlos.forumind;
				DC_IDENTIFIER_PREFIX = io.github.kccarlos.forumind;
				GENERATE_INFOPLIST_FILE = NO;
				INFOPLIST_FILE = Forumind/Info.plist;
				IPHONEOS_DEPLOYMENT_TARGET = 17.0;
				LD_RUNPATH_SEARCH_PATHS = "$(inherited) @executable_path/Frameworks";
				MARKETING_VERSION = 1.0.0;
				OTHER_SWIFT_FLAGS = "$(inherited)";
				PRODUCT_BUNDLE_IDENTIFIER = io.github.kccarlos.forumind;
				PRODUCT_NAME = "$(TARGET_NAME)";
				SDKROOT = iphoneos;
				SUPPORTED_PLATFORMS = "iphoneos iphonesimulator";
				SUPPORTS_MACCATALYST = NO;
				SWIFT_EMIT_LOC_STRINGS = YES;
				SWIFT_STRICT_CONCURRENCY = minimal;
				SWIFT_VERSION = 5.0;
				TARGETED_DEVICE_FAMILY = "1,2";
				VALIDATE_PRODUCT = YES;
			};
			name = Release;
		};
		73A023FD5D93A11312C3E742 /* Debug */ = {
			isa = XCBuildConfiguration;
			buildSettings = {
				BUNDLE_LOADER = "$(TEST_HOST)";
				CLANG_ENABLE_OBJC_WEAK = NO;
				CODE_SIGN_STYLE = Automatic;
				DC_APP_GROUP = group.io.github.kccarlos.forumind;
				DC_IDENTIFIER_PREFIX = io.github.kccarlos.forumind;
				GENERATE_INFOPLIST_FILE = YES;
				IPHONEOS_DEPLOYMENT_TARGET = 17.0;
				PRODUCT_BUNDLE_IDENTIFIER = io.github.kccarlos.forumind.tests;
				SDKROOT = iphoneos;
				SWIFT_STRICT_CONCURRENCY = minimal;
				SWIFT_VERSION = 5.0;
				TARGETED_DEVICE_FAMILY = "1,2";
				TEST_HOST = "$(BUILT_PRODUCTS_DIR)/Forumind.app/Forumind";
			};
			name = Debug;
		};
		87B6A5EA4DE4D8D4E2718746 /* Release */ = {
			isa = XCBuildConfiguration;
			buildSettings = {
				APPLICATION_EXTENSION_API_ONLY = YES;
				CLANG_ENABLE_OBJC_WEAK = NO;
				CODE_SIGN_ENTITLEMENTS = ForumindShare/ForumindShare.entitlements;
				CODE_SIGN_STYLE = Automatic;
				CURRENT_PROJECT_VERSION = 1;
				DC_APP_GROUP = group.io.github.kccarlos.forumind;
				DC_IDENTIFIER_PREFIX = io.github.kccarlos.forumind;
				GENERATE_INFOPLIST_FILE = NO;
				INFOPLIST_FILE = ForumindShare/Info.plist;
				IPHONEOS_DEPLOYMENT_TARGET = 17.0;
				LD_RUNPATH_SEARCH_PATHS = "$(inherited) @executable_path/Frameworks @executable_path/../../Frameworks";
				MARKETING_VERSION = 1.0.0;
				PRODUCT_BUNDLE_IDENTIFIER = io.github.kccarlos.forumind.share;
				PRODUCT_NAME = "$(TARGET_NAME)";
				SDKROOT = iphoneos;
				SKIP_INSTALL = YES;
				SUPPORTED_PLATFORMS = "iphoneos iphonesimulator";
				SUPPORTS_MACCATALYST = NO;
				SWIFT_EMIT_LOC_STRINGS = YES;
				SWIFT_STRICT_CONCURRENCY = minimal;
				SWIFT_VERSION = 5.0;
				TARGETED_DEVICE_FAMILY = "1,2";
				VALIDATE_PRODUCT = YES;
			};
			name = Release;
		};
		AA99C8198144C1820591FEF9 /* Debug */ = {
			isa = XCBuildConfiguration;
			buildSettings = {
				ALWAYS_SEARCH_USER_PATHS = NO;
				CLANG_ANALYZER_NONNULL = YES;
				CLANG_ANALYZER_NUMBER_OBJECT_CONVERSION = YES_AGGRESSIVE;
				CLANG_CXX_LANGUAGE_STANDARD = "gnu++14";
				CLANG_CXX_LIBRARY = "libc++";
				CLANG_ENABLE_MODULES = YES;
				CLANG_ENABLE_OBJC_ARC = YES;
				CLANG_ENABLE_OBJC_WEAK = YES;
				CLANG_WARN_BLOCK_CAPTURE_AUTORELEASING = YES;
				CLANG_WARN_BOOL_CONVERSION = YES;
				CLANG_WARN_COMMA = YES;
				CLANG_WARN_CONSTANT_CONVERSION = YES;
				CLANG_WARN_DEPRECATED_OBJC_IMPLEMENTATIONS = YES;
				CLANG_WARN_DIRECT_OBJC_ISA_USAGE = YES_ERROR;
				CLANG_WARN_DOCUMENTATION_COMMENTS = YES;
				CLANG_WARN_EMPTY_BODY = YES;
				CLANG_WARN_ENUM_CONVERSION = YES;
				CLANG_WARN_INFINITE_RECURSION = YES;
				CLANG_WARN_INT_CONVERSION = YES;
				CLANG_WARN_NON_LITERAL_NULL_CONVERSION = YES;
				CLANG_WARN_OBJC_IMPLICIT_RETAIN_SELF = YES;
				CLANG_WARN_OBJC_LITERAL_CONVERSION = YES;
				CLANG_WARN_OBJC_ROOT_CLASS = YES_ERROR;
				CLANG_WARN_QUOTED_INCLUDE_IN_FRAMEWORK_HEADER = YES;
				CLANG_WARN_RANGE_LOOP_ANALYSIS = YES;
				CLANG_WARN_STRICT_PROTOTYPES = YES;
				CLANG_WARN_SUSPICIOUS_MOVE = YES;
				CLANG_WARN_UNGUARDED_AVAILABILITY = YES_AGGRESSIVE;
				CLANG_WARN_UNREACHABLE_CODE = YES;
				CLANG_WARN__DUPLICATE_METHOD_MATCH = YES;
				COPY_PHASE_STRIP = NO;
				DEBUG_INFORMATION_FORMAT = dwarf;
				ENABLE_STRICT_OBJC_MSGSEND = YES;
				ENABLE_TESTABILITY = YES;
				GCC_C_LANGUAGE_STANDARD = gnu11;
				GCC_DYNAMIC_NO_PIC = NO;
				GCC_NO_COMMON_BLOCKS = YES;
				GCC_OPTIMIZATION_LEVEL = 0;
				GCC_PREPROCESSOR_DEFINITIONS = (
					"DEBUG=1",
					"$(inherited)",
				);
				GCC_WARN_64_TO_32_BIT_CONVERSION = YES;
				GCC_WARN_ABOUT_RETURN_TYPE = YES_ERROR;
				GCC_WARN_UNDECLARED_SELECTOR = YES;
				GCC_WARN_UNINITIALIZED_AUTOS = YES_AGGRESSIVE;
				GCC_WARN_UNUSED_FUNCTION = YES;
				GCC_WARN_UNUSED_VARIABLE = YES;
				MTL_ENABLE_DEBUG_INFO = INCLUDE_SOURCE;
				MTL_FAST_MATH = YES;
				ONLY_ACTIVE_ARCH = YES;
				PRODUCT_NAME = "$(TARGET_NAME)";
				SWIFT_ACTIVE_COMPILATION_CONDITIONS = DEBUG;
				SWIFT_OPTIMIZATION_LEVEL = "-Onone";
				SWIFT_VERSION = 5.0;
			};
			name = Debug;
		};
		AC29952EE03451B87217EF39 /* Release */ = {
			isa = XCBuildConfiguration;
			buildSettings = {
				CLANG_ENABLE_OBJC_WEAK = NO;
				CODE_SIGN_STYLE = Automatic;
				DC_APP_GROUP = group.io.github.kccarlos.forumind;
				DC_IDENTIFIER_PREFIX = io.github.kccarlos.forumind;
				GENERATE_INFOPLIST_FILE = YES;
				IPHONEOS_DEPLOYMENT_TARGET = 17.0;
				PRODUCT_BUNDLE_IDENTIFIER = io.github.kccarlos.forumind.uitests;
				SDKROOT = iphoneos;
				SWIFT_STRICT_CONCURRENCY = minimal;
				SWIFT_VERSION = 5.0;
				TARGETED_DEVICE_FAMILY = "1,2";
				TEST_TARGET_NAME = Forumind;
				VALIDATE_PRODUCT = YES;
			};
			name = Release;
		};
		AEFCEBC964A4BE0E9925627C /* Debug */ = {
			isa = XCBuildConfiguration;
			buildSettings = {
				CLANG_ENABLE_OBJC_WEAK = NO;
				CODE_SIGN_STYLE = Automatic;
				DC_APP_GROUP = group.io.github.kccarlos.forumind;
				DC_IDENTIFIER_PREFIX = io.github.kccarlos.forumind;
				GENERATE_INFOPLIST_FILE = YES;
				IPHONEOS_DEPLOYMENT_TARGET = 17.0;
				PRODUCT_BUNDLE_IDENTIFIER = io.github.kccarlos.forumind.uitests;
				SDKROOT = iphoneos;
				SWIFT_STRICT_CONCURRENCY = minimal;
				SWIFT_VERSION = 5.0;
				TARGETED_DEVICE_FAMILY = "1,2";
				TEST_TARGET_NAME = Forumind;
			};
			name = Debug;
		};
		BA8AD562CC293A1474CEC188 /* Release */ = {
			isa = XCBuildConfiguration;
			buildSettings = {
				BUNDLE_LOADER = "$(TEST_HOST)";
				CLANG_ENABLE_OBJC_WEAK = NO;
				CODE_SIGN_STYLE = Automatic;
				DC_APP_GROUP = group.io.github.kccarlos.forumind;
				DC_IDENTIFIER_PREFIX = io.github.kccarlos.forumind;
				GENERATE_INFOPLIST_FILE = YES;
				IPHONEOS_DEPLOYMENT_TARGET = 17.0;
				PRODUCT_BUNDLE_IDENTIFIER = io.github.kccarlos.forumind.tests;
				SDKROOT = iphoneos;
				SWIFT_STRICT_CONCURRENCY = minimal;
				SWIFT_VERSION = 5.0;
				TARGETED_DEVICE_FAMILY = "1,2";
				TEST_HOST = "$(BUILT_PRODUCTS_DIR)/Forumind.app/Forumind";
				VALIDATE_PRODUCT = YES;
			};
			name = Release;
		};
		C1DA292F4A0456D3CDC5E7E6 /* Release */ = {
			isa = XCBuildConfiguration;
			buildSettings = {
				ALWAYS_SEARCH_USER_PATHS = NO;
				CLANG_ANALYZER_NONNULL = YES;
				CLANG_ANALYZER_NUMBER_OBJECT_CONVERSION = YES_AGGRESSIVE;
				CLANG_CXX_LANGUAGE_STANDARD = "gnu++14";
				CLANG_CXX_LIBRARY = "libc++";
				CLANG_ENABLE_MODULES = YES;
				CLANG_ENABLE_OBJC_ARC = YES;
				CLANG_ENABLE_OBJC_WEAK = YES;
				CLANG_WARN_BLOCK_CAPTURE_AUTORELEASING = YES;
				CLANG_WARN_BOOL_CONVERSION = YES;
				CLANG_WARN_COMMA = YES;
				CLANG_WARN_CONSTANT_CONVERSION = YES;
				CLANG_WARN_DEPRECATED_OBJC_IMPLEMENTATIONS = YES;
				CLANG_WARN_DIRECT_OBJC_ISA_USAGE = YES_ERROR;
				CLANG_WARN_DOCUMENTATION_COMMENTS = YES;
				CLANG_WARN_EMPTY_BODY = YES;
				CLANG_WARN_ENUM_CONVERSION = YES;
				CLANG_WARN_INFINITE_RECURSION = YES;
				CLANG_WARN_INT_CONVERSION = YES;
				CLANG_WARN_NON_LITERAL_NULL_CONVERSION = YES;
				CLANG_WARN_OBJC_IMPLICIT_RETAIN_SELF = YES;
				CLANG_WARN_OBJC_LITERAL_CONVERSION = YES;
				CLANG_WARN_OBJC_ROOT_CLASS = YES_ERROR;
				CLANG_WARN_QUOTED_INCLUDE_IN_FRAMEWORK_HEADER = YES;
				CLANG_WARN_RANGE_LOOP_ANALYSIS = YES;
				CLANG_WARN_STRICT_PROTOTYPES = YES;
				CLANG_WARN_SUSPICIOUS_MOVE = YES;
				CLANG_WARN_UNGUARDED_AVAILABILITY = YES_AGGRESSIVE;
				CLANG_WARN_UNREACHABLE_CODE = YES;
				CLANG_WARN__DUPLICATE_METHOD_MATCH = YES;
				COPY_PHASE_STRIP = NO;
				DEBUG_INFORMATION_FORMAT = "dwarf-with-dsym";
				ENABLE_NS_ASSERTIONS = NO;
				ENABLE_STRICT_OBJC_MSGSEND = YES;
				GCC_C_LANGUAGE_STANDARD = gnu11;
				GCC_NO_COMMON_BLOCKS = YES;
				GCC_WARN_64_TO_32_BIT_CONVERSION = YES;
				GCC_WARN_ABOUT_RETURN_TYPE = YES_ERROR;
				GCC_WARN_UNDECLARED_SELECTOR = YES;
				GCC_WARN_UNINITIALIZED_AUTOS = YES_AGGRESSIVE;
				GCC_WARN_UNUSED_FUNCTION = YES;
				GCC_WARN_UNUSED_VARIABLE = YES;
				MTL_ENABLE_DEBUG_INFO = NO;
				MTL_FAST_MATH = YES;
				PRODUCT_NAME = "$(TARGET_NAME)";
				SWIFT_COMPILATION_MODE = wholemodule;
				SWIFT_OPTIMIZATION_LEVEL = "-O";
				SWIFT_VERSION = 5.0;
			};
			name = Release;
		};
		D98418EFF3A7C41785635472 /* Debug */ = {
			isa = XCBuildConfiguration;
			buildSettings = {
				APPLICATION_EXTENSION_API_ONLY = YES;
				CLANG_ENABLE_OBJC_WEAK = NO;
				CODE_SIGN_ENTITLEMENTS = ForumindShare/ForumindShare.entitlements;
				CODE_SIGN_STYLE = Automatic;
				CURRENT_PROJECT_VERSION = 1;
				DC_APP_GROUP = group.io.github.kccarlos.forumind;
				DC_IDENTIFIER_PREFIX = io.github.kccarlos.forumind;
				GENERATE_INFOPLIST_FILE = NO;
				INFOPLIST_FILE = ForumindShare/Info.plist;
				IPHONEOS_DEPLOYMENT_TARGET = 17.0;
				LD_RUNPATH_SEARCH_PATHS = "$(inherited) @executable_path/Frameworks @executable_path/../../Frameworks";
				MARKETING_VERSION = 1.0.0;
				PRODUCT_BUNDLE_IDENTIFIER = io.github.kccarlos.forumind.share;
				PRODUCT_NAME = "$(TARGET_NAME)";
				SDKROOT = iphoneos;
				SKIP_INSTALL = YES;
				SUPPORTED_PLATFORMS = "iphoneos iphonesimulator";
				SUPPORTS_MACCATALYST = NO;
				SWIFT_EMIT_LOC_STRINGS = YES;
				SWIFT_STRICT_CONCURRENCY = minimal;
				SWIFT_VERSION = 5.0;
				TARGETED_DEVICE_FAMILY = "1,2";
			};
			name = Debug;
		};
/* End XCBuildConfiguration section */

/* Begin XCConfigurationList section */
		55CFB49DCE208CAD2381699E /* Build configuration list for PBXNativeTarget "ForumindShare" */ = {
			isa = XCConfigurationList;
			buildConfigurations = (
				87B6A5EA4DE4D8D4E2718746 /* Release */,
				D98418EFF3A7C41785635472 /* Debug */,
			);
			defaultConfigurationIsVisible = 0;
			defaultConfigurationName = Release;
		};
		5F180A8D2E74868D0A038778 /* Build configuration list for PBXNativeTarget "Forumind" */ = {
			isa = XCConfigurationList;
			buildConfigurations = (
				69C754AB74F750B5C29A5C6B /* Release */,
				5E772251A67F38B735571652 /* Debug */,
			);
			defaultConfigurationIsVisible = 0;
			defaultConfigurationName = Release;
		};
		D148AB9DDBB00EB4E443BF61 /* Build configuration list for PBXNativeTarget "ForumindTests" */ = {
			isa = XCConfigurationList;
			buildConfigurations = (
				BA8AD562CC293A1474CEC188 /* Release */,
				73A023FD5D93A11312C3E742 /* Debug */,
			);
			defaultConfigurationIsVisible = 0;
			defaultConfigurationName = Release;
		};
		D4E0042D686D7DAB2007EA79 /* Build configuration list for PBXNativeTarget "ForumindUITests" */ = {
			isa = XCConfigurationList;
			buildConfigurations = (
				AC29952EE03451B87217EF39 /* Release */,
				AEFCEBC964A4BE0E9925627C /* Debug */,
			);
			defaultConfigurationIsVisible = 0;
			defaultConfigurationName = Release;
		};
		F5314966F2AAE0A8829C7E99 /* Build configuration list for PBXProject "Forumind" */ = {
			isa = XCConfigurationList;
			buildConfigurations = (
				AA99C8198144C1820591FEF9 /* Debug */,
				C1DA292F4A0456D3CDC5E7E6 /* Release */,
			);
			defaultConfigurationIsVisible = 0;
			defaultConfigurationName = Release;
		};
/* End XCConfigurationList section */
	};
	rootObject = 887DBB3A5D35B08BB4797039 /* Project object */;
}
